
Microsoft Visual Studio Solution File, Format Version 11.00
# Visual Studio 2010
Project("{FAE04EC0-301F-11D3-BF4B-00C04F79EFBC}") = "Sitecore Adaptive Images", "Sitecore Adaptive Images.csproj", "{06643E80-FE78-4A03-B5FF-4D3BF6A1051F}"
EndProject
Global
	GlobalSection(SolutionConfigurationPlatforms) = preSolution
		Debug|Any CPU = Debug|Any CPU
		Release|Any CPU = Release|Any CPU
	EndGlobalSection
	GlobalSection(ProjectConfigurationPlatforms) = postSolution
		{06643E80-FE78-4A03-B5FF-4D3BF6A1051F}.Debug|Any CPU.ActiveCfg = Debug|Any CPU
		{06643E80-FE78-4A03-B5FF-4D3BF6A1051F}.Debug|Any CPU.Build.0 = Debug|Any CPU
		{06643E80-FE78-4A03-B5FF-4D3BF6A1051F}.Release|Any CPU.ActiveCfg = Release|Any CPU
		{06643E80-FE78-4A03-B5FF-4D3BF6A1051F}.Release|Any CPU.Build.0 = Release|Any CPU
	EndGlobalSection
	GlobalSection(SolutionProperties) = preSolution
		HideSolutionNode = FALSE
	EndGlobalSection
EndGlobal
